<?xml version="1.0" encoding="UTF-8" standalone="yes" ?>
<CodeBlocks_project_file>
   <FileVersion major="1" minor="6" />
   <Project>
      <Option title="MetaLibrary" />
      <Option makefile_is_custom="1" />
      <Option compiler="gcc" />
      <Option virtualFolders="CMake Files\;" />
      <Build>
      <Target title="all">
         <Option working_dir="C:/Users/Student/Documents/GitHub/MetaLibrary/src-build" />
         <Option type="4" />
         <MakeCommands>
            <Build command="C:/Qt/Qt5.1.1/Tools/mingw48_32/bin/mingw32-make.exe -f &quot;C:/Users/Student/Documents/GitHub/MetaLibrary/src-build/Makefile&quot;  VERBOSE=1 all" />
            <CompileFile command="C:/Qt/Qt5.1.1/Tools/mingw48_32/bin/mingw32-make.exe -f &quot;C:/Users/Student/Documents/GitHub/MetaLibrary/src-build/Makefile&quot;  VERBOSE=1 &quot;$file&quot;" />
            <Clean command="C:/Qt/Qt5.1.1/Tools/mingw48_32/bin/mingw32-make.exe -f &quot;C:/Users/Student/Documents/GitHub/MetaLibrary/src-build/Makefile&quot;  VERBOSE=1 clean" />
            <DistClean command="C:/Qt/Qt5.1.1/Tools/mingw48_32/bin/mingw32-make.exe -f &quot;C:/Users/Student/Documents/GitHub/MetaLibrary/src-build/Makefile&quot;  VERBOSE=1 clean" />
         </MakeCommands>
      </Target>
      <Target title="MetaLibrary">
         <Option output="C:/Users/Student/Documents/GitHub/MetaLibrary/src-build/MetaLibrary.exe" prefix_auto="0" extension_auto="0" />
         <Option working_dir="C:/Users/Student/Documents/GitHub/MetaLibrary/src-build" />
         <Option object_output="./" />
         <Option type="1" />
         <Option compiler="gcc" />
         <Compiler>
            <Add directory="C:/Users/Student/Documents/GitHub/MetaLibrary/src" />
            <Add directory="C:/Users/Student/Documents/GitHub/MetaLibrary/src-build" />
            <Add directory="c:\qt\qt5.1.1\tools\mingw48_32\bin\../lib/gcc/i686-w64-mingw32/4.8.0/../../../../i686-w64-mingw32/include" />
            <Add directory="c:\qt\qt5.1.1\tools\mingw48_32\bin\../lib/gcc/i686-w64-mingw32/4.8.0/include" />
            <Add directory="c:\qt\qt5.1.1\tools\mingw48_32\bin\../lib/gcc/i686-w64-mingw32/4.8.0/include-fixed" />
            <Add directory="c:\qt\qt5.1.1\tools\mingw48_32\bin\../lib/gcc/i686-w64-mingw32/4.8.0/include/c++" />
            <Add directory="c:\qt\qt5.1.1\tools\mingw48_32\bin\../lib/gcc/i686-w64-mingw32/4.8.0/include/c++/backward" />
            <Add directory="c:\qt\qt5.1.1\tools\mingw48_32\bin\../lib/gcc/i686-w64-mingw32/4.8.0/include/c++/i686-w64-mingw32" />
         </Compiler>
         <MakeCommands>
            <Build command="C:/Qt/Qt5.1.1/Tools/mingw48_32/bin/mingw32-make.exe -f &quot;C:/Users/Student/Documents/GitHub/MetaLibrary/src-build/Makefile&quot;  VERBOSE=1 MetaLibrary" />
            <CompileFile command="C:/Qt/Qt5.1.1/Tools/mingw48_32/bin/mingw32-make.exe -f &quot;C:/Users/Student/Documents/GitHub/MetaLibrary/src-build/Makefile&quot;  VERBOSE=1 &quot;$file&quot;" />
            <Clean command="C:/Qt/Qt5.1.1/Tools/mingw48_32/bin/mingw32-make.exe -f &quot;C:/Users/Student/Documents/GitHub/MetaLibrary/src-build/Makefile&quot;  VERBOSE=1 clean" />
            <DistClean command="C:/Qt/Qt5.1.1/Tools/mingw48_32/bin/mingw32-make.exe -f &quot;C:/Users/Student/Documents/GitHub/MetaLibrary/src-build/Makefile&quot;  VERBOSE=1 clean" />
         </MakeCommands>
      </Target>
      <Target title="MetaLibrary/fast">
         <Option output="C:/Users/Student/Documents/GitHub/MetaLibrary/src-build/MetaLibrary.exe" prefix_auto="0" extension_auto="0" />
         <Option working_dir="C:/Users/Student/Documents/GitHub/MetaLibrary/src-build" />
         <Option object_output="./" />
         <Option type="1" />
         <Option compiler="gcc" />
         <Compiler>
            <Add directory="C:/Users/Student/Documents/GitHub/MetaLibrary/src" />
            <Add directory="C:/Users/Student/Documents/GitHub/MetaLibrary/src-build" />
            <Add directory="c:\qt\qt5.1.1\tools\mingw48_32\bin\../lib/gcc/i686-w64-mingw32/4.8.0/../../../../i686-w64-mingw32/include" />
            <Add directory="c:\qt\qt5.1.1\tools\mingw48_32\bin\../lib/gcc/i686-w64-mingw32/4.8.0/include" />
            <Add directory="c:\qt\qt5.1.1\tools\mingw48_32\bin\../lib/gcc/i686-w64-mingw32/4.8.0/include-fixed" />
            <Add directory="c:\qt\qt5.1.1\tools\mingw48_32\bin\../lib/gcc/i686-w64-mingw32/4.8.0/include/c++" />
            <Add directory="c:\qt\qt5.1.1\tools\mingw48_32\bin\../lib/gcc/i686-w64-mingw32/4.8.0/include/c++/backward" />
            <Add directory="c:\qt\qt5.1.1\tools\mingw48_32\bin\../lib/gcc/i686-w64-mingw32/4.8.0/include/c++/i686-w64-mingw32" />
         </Compiler>
         <MakeCommands>
            <Build command="C:/Qt/Qt5.1.1/Tools/mingw48_32/bin/mingw32-make.exe -f &quot;C:/Users/Student/Documents/GitHub/MetaLibrary/src-build/Makefile&quot;  VERBOSE=1 MetaLibrary/fast" />
            <CompileFile command="C:/Qt/Qt5.1.1/Tools/mingw48_32/bin/mingw32-make.exe -f &quot;C:/Users/Student/Documents/GitHub/MetaLibrary/src-build/Makefile&quot;  VERBOSE=1 &quot;$file&quot;" />
            <Clean command="C:/Qt/Qt5.1.1/Tools/mingw48_32/bin/mingw32-make.exe -f &quot;C:/Users/Student/Documents/GitHub/MetaLibrary/src-build/Makefile&quot;  VERBOSE=1 clean" />
            <DistClean command="C:/Qt/Qt5.1.1/Tools/mingw48_32/bin/mingw32-make.exe -f &quot;C:/Users/Student/Documents/GitHub/MetaLibrary/src-build/Makefile&quot;  VERBOSE=1 clean" />
         </MakeCommands>
      </Target>
      <Target title="edit_cache">
         <Option working_dir="C:/Users/Student/Documents/GitHub/MetaLibrary/src-build" />
         <Option type="4" />
         <MakeCommands>
            <Build command="C:/Qt/Qt5.1.1/Tools/mingw48_32/bin/mingw32-make.exe -f &quot;C:/Users/Student/Documents/GitHub/MetaLibrary/src-build/Makefile&quot;  VERBOSE=1 edit_cache" />
            <CompileFile command="C:/Qt/Qt5.1.1/Tools/mingw48_32/bin/mingw32-make.exe -f &quot;C:/Users/Student/Documents/GitHub/MetaLibrary/src-build/Makefile&quot;  VERBOSE=1 &quot;$file&quot;" />
            <Clean command="C:/Qt/Qt5.1.1/Tools/mingw48_32/bin/mingw32-make.exe -f &quot;C:/Users/Student/Documents/GitHub/MetaLibrary/src-build/Makefile&quot;  VERBOSE=1 clean" />
            <DistClean command="C:/Qt/Qt5.1.1/Tools/mingw48_32/bin/mingw32-make.exe -f &quot;C:/Users/Student/Documents/GitHub/MetaLibrary/src-build/Makefile&quot;  VERBOSE=1 clean" />
         </MakeCommands>
      </Target>
      <Target title="rebuild_cache">
         <Option working_dir="C:/Users/Student/Documents/GitHub/MetaLibrary/src-build" />
         <Option type="4" />
         <MakeCommands>
            <Build command="C:/Qt/Qt5.1.1/Tools/mingw48_32/bin/mingw32-make.exe -f &quot;C:/Users/Student/Documents/GitHub/MetaLibrary/src-build/Makefile&quot;  VERBOSE=1 rebuild_cache" />
            <CompileFile command="C:/Qt/Qt5.1.1/Tools/mingw48_32/bin/mingw32-make.exe -f &quot;C:/Users/Student/Documents/GitHub/MetaLibrary/src-build/Makefile&quot;  VERBOSE=1 &quot;$file&quot;" />
            <Clean command="C:/Qt/Qt5.1.1/Tools/mingw48_32/bin/mingw32-make.exe -f &quot;C:/Users/Student/Documents/GitHub/MetaLibrary/src-build/Makefile&quot;  VERBOSE=1 clean" />
            <DistClean command="C:/Qt/Qt5.1.1/Tools/mingw48_32/bin/mingw32-make.exe -f &quot;C:/Users/Student/Documents/GitHub/MetaLibrary/src-build/Makefile&quot;  VERBOSE=1 clean" />
         </MakeCommands>
      </Target>
      </Build>
      <Unit filename="C:/Users/Student/Documents/GitHub/MetaLibrary/src/test.cpp">
      </Unit>
      <Unit filename="C:/Users/Student/Documents/GitHub/MetaLibrary/src/Meta/Condition.hpp">
      </Unit>
      <Unit filename="C:/Users/Student/Documents/GitHub/MetaLibrary/src/Meta/FlowControl.hpp">
      </Unit>
      <Unit filename="C:/Users/Student/Documents/GitHub/MetaLibrary/src/Meta/Sequence.hpp">
      </Unit>
      <Unit filename="C:/Users/Student/Documents/GitHub/MetaLibrary/src/Meta/TupleUtilities.hpp">
      </Unit>
      <Unit filename="C:/Users/Student/Documents/GitHub/MetaLibrary/src/Meta/Type.hpp">
      </Unit>
      <Unit filename="C:/Users/Student/Documents/GitHub/MetaLibrary/src/Meta/Utilities.hpp">
      </Unit>
      <Unit filename="C:/Users/Student/Documents/GitHub/MetaLibrary/src/MetaLibrary.hpp">
      </Unit>
      <Unit filename="C:/Users/Student/Documents/GitHub/MetaLibrary/src/CMakeLists.txt">
          <Option virtualFolder="CMake Files\" />
      </Unit>
   </Project>
</CodeBlocks_project_file>
